
Microsoft Visual Studio Solution File, Format Version 12.00
Project("{FAE04EC0-301F-11D3-BF4B-00C04F79EFBC}") = "BalanceService", "BalanceService.csproj", "{A4A22E63-7248-4297-8C2C-B2EBAAA2519D}"
EndProject
Project("{2150E333-8FDC-42A3-9474-1A3956D46DE8}") = "Solution Items", "Solution Items", "{02134352-1DAE-45D3-95A6-4422025BEE7D}"
	ProjectSection(SolutionItems) = preProject
		docker-compose.yml = docker-compose.yml
	EndProjectSection
EndProject
Global
	GlobalSection(SolutionConfigurationPlatforms) = preSolution
		Debug|Any CPU = Debug|Any CPU
		Release|Any CPU = Release|Any CPU
	EndGlobalSection
	GlobalSection(ProjectConfigurationPlatforms) = postSolution
		{A4A22E63-7248-4297-8C2C-B2EBAAA2519D}.Debug|Any CPU.ActiveCfg = Debug|Any CPU
		{A4A22E63-7248-4297-8C2C-B2EBAAA2519D}.Debug|Any CPU.Build.0 = Debug|Any CPU
		{A4A22E63-7248-4297-8C2C-B2EBAAA2519D}.Release|Any CPU.ActiveCfg = Release|Any CPU
		{A4A22E63-7248-4297-8C2C-B2EBAAA2519D}.Release|Any CPU.Build.0 = Release|Any CPU
	EndGlobalSection
EndGlobal
